
Microsoft Visual Studio Solution File, Format Version 12.00
# Visual Studio Version 16
VisualStudioVersion = 16.0.33328.57
MinimumVisualStudioVersion = 10.0.40219.1
Project("{FAE04EC0-301F-11D3-BF4B-00C04F79EFBC}") = "IfElse", "IfElse\IfElse.csproj", "{7ABD102A-7169-45D9-9CE8-AD9127F8B5A7}"
EndProject
Project("{FAE04EC0-301F-11D3-BF4B-00C04F79EFBC}") = "IfIf", "IfIf\IfIf.csproj", "{AD5682A5-D104-4116-A367-636C322DE966}"
EndProject
Project("{FAE04EC0-301F-11D3-BF4B-00C04F79EFBC}") = "p151_ex2", "p151_ex2\p151_ex2.csproj", "{24A19180-620C-4ED7-85A9-5D3A1EE3B174}"
EndProject
Project("{FAE04EC0-301F-11D3-BF4B-00C04F79EFBC}") = "p151_ex3", "p151_ex3\p151_ex3.csproj", "{E1420395-0612-4965-80A8-C95246776913}"
EndProject
Project("{FAE04EC0-301F-11D3-BF4B-00C04F79EFBC}") = "p151_ex4", "p151_ex4\p151_ex4.csproj", "{822C490C-2647-4FEC-9EE5-AB9CF2C5E996}"
EndProject
Project("{FAE04EC0-301F-11D3-BF4B-00C04F79EFBC}") = "p151_ex5", "p151_ex5\p151_ex5.csproj", "{E25E8894-BB03-467B-A2AF-78D15F6321E6}"
EndProject
Project("{FAE04EC0-301F-11D3-BF4B-00C04F79EFBC}") = "Switch", "Switch\Switch.csproj", "{F57FC28F-FC35-404A-AB3E-F8CDB7A0A161}"
EndProject
Project("{FAE04EC0-301F-11D3-BF4B-00C04F79EFBC}") = "p161_ex2", "p161_ex2\p161_ex2.csproj", "{435F2114-26AF-43F8-BCDA-5F3E9882AB03}"
EndProject
Project("{FAE04EC0-301F-11D3-BF4B-00C04F79EFBC}") = "p161_ex3", "p161_ex3\p161_ex3.csproj", "{3922D692-3F0D-48D1-838E-DCF486239294}"
EndProject
Project("{FAE04EC0-301F-11D3-BF4B-00C04F79EFBC}") = "p161_ex4", "p161_ex4\p161_ex4.csproj", "{D9783F2E-6DB4-4B2E-9DC2-82F7B6E7262A}"
EndProject
Global
	GlobalSection(SolutionConfigurationPlatforms) = preSolution
		Debug|Any CPU = Debug|Any CPU
		Release|Any CPU = Release|Any CPU
	EndGlobalSection
	GlobalSection(ProjectConfigurationPlatforms) = postSolution
		{7ABD102A-7169-45D9-9CE8-AD9127F8B5A7}.Debug|Any CPU.ActiveCfg = Debug|Any CPU
		{7ABD102A-7169-45D9-9CE8-AD9127F8B5A7}.Debug|Any CPU.Build.0 = Debug|Any CPU
		{7ABD102A-7169-45D9-9CE8-AD9127F8B5A7}.Release|Any CPU.ActiveCfg = Release|Any CPU
		{7ABD102A-7169-45D9-9CE8-AD9127F8B5A7}.Release|Any CPU.Build.0 = Release|Any CPU
		{AD5682A5-D104-4116-A367-636C322DE966}.Debug|Any CPU.ActiveCfg = Debug|Any CPU
		{AD5682A5-D104-4116-A367-636C322DE966}.Debug|Any CPU.Build.0 = Debug|Any CPU
		{AD5682A5-D104-4116-A367-636C322DE966}.Release|Any CPU.ActiveCfg = Release|Any CPU
		{AD5682A5-D104-4116-A367-636C322DE966}.Release|Any CPU.Build.0 = Release|Any CPU
		{24A19180-620C-4ED7-85A9-5D3A1EE3B174}.Debug|Any CPU.ActiveCfg = Debug|Any CPU
		{24A19180-620C-4ED7-85A9-5D3A1EE3B174}.Debug|Any CPU.Build.0 = Debug|Any CPU
		{24A19180-620C-4ED7-85A9-5D3A1EE3B174}.Release|Any CPU.ActiveCfg = Release|Any CPU
		{24A19180-620C-4ED7-85A9-5D3A1EE3B174}.Release|Any CPU.Build.0 = Release|Any CPU
		{E1420395-0612-4965-80A8-C95246776913}.Debug|Any CPU.ActiveCfg = Debug|Any CPU
		{E1420395-0612-4965-80A8-C95246776913}.Debug|Any CPU.Build.0 = Debug|Any CPU
		{E1420395-0612-4965-80A8-C95246776913}.Release|Any CPU.ActiveCfg = Release|Any CPU
		{E1420395-0612-4965-80A8-C95246776913}.Release|Any CPU.Build.0 = Release|Any CPU
		{822C490C-2647-4FEC-9EE5-AB9CF2C5E996}.Debug|Any CPU.ActiveCfg = Debug|Any CPU
		{822C490C-2647-4FEC-9EE5-AB9CF2C5E996}.Debug|Any CPU.Build.0 = Debug|Any CPU
		{822C490C-2647-4FEC-9EE5-AB9CF2C5E996}.Release|Any CPU.ActiveCfg = Release|Any CPU
		{822C490C-2647-4FEC-9EE5-AB9CF2C5E996}.Release|Any CPU.Build.0 = Release|Any CPU
		{E25E8894-BB03-467B-A2AF-78D15F6321E6}.Debug|Any CPU.ActiveCfg = Debug|Any CPU
		{E25E8894-BB03-467B-A2AF-78D15F6321E6}.Debug|Any CPU.Build.0 = Debug|Any CPU
		{E25E8894-BB03-467B-A2AF-78D15F6321E6}.Release|Any CPU.ActiveCfg = Release|Any CPU
		{E25E8894-BB03-467B-A2AF-78D15F6321E6}.Release|Any CPU.Build.0 = Release|Any CPU
		{F57FC28F-FC35-404A-AB3E-F8CDB7A0A161}.Debug|Any CPU.ActiveCfg = Debug|Any CPU
		{F57FC28F-FC35-404A-AB3E-F8CDB7A0A161}.Debug|Any CPU.Build.0 = Debug|Any CPU
		{F57FC28F-FC35-404A-AB3E-F8CDB7A0A161}.Release|Any CPU.ActiveCfg = Release|Any CPU
		{F57FC28F-FC35-404A-AB3E-F8CDB7A0A161}.Release|Any CPU.Build.0 = Release|Any CPU
		{435F2114-26AF-43F8-BCDA-5F3E9882AB03}.Debug|Any CPU.ActiveCfg = Debug|Any CPU
		{435F2114-26AF-43F8-BCDA-5F3E9882AB03}.Debug|Any CPU.Build.0 = Debug|Any CPU
		{435F2114-26AF-43F8-BCDA-5F3E9882AB03}.Release|Any CPU.ActiveCfg = Release|Any CPU
		{435F2114-26AF-43F8-BCDA-5F3E9882AB03}.Release|Any CPU.Build.0 = Release|Any CPU
		{3922D692-3F0D-48D1-838E-DCF486239294}.Debug|Any CPU.ActiveCfg = Debug|Any CPU
		{3922D692-3F0D-48D1-838E-DCF486239294}.Debug|Any CPU.Build.0 = Debug|Any CPU
		{3922D692-3F0D-48D1-838E-DCF486239294}.Release|Any CPU.ActiveCfg = Release|Any CPU
		{3922D692-3F0D-48D1-838E-DCF486239294}.Release|Any CPU.Build.0 = Release|Any CPU
		{D9783F2E-6DB4-4B2E-9DC2-82F7B6E7262A}.Debug|Any CPU.ActiveCfg = Debug|Any CPU
		{D9783F2E-6DB4-4B2E-9DC2-82F7B6E7262A}.Debug|Any CPU.Build.0 = Debug|Any CPU
		{D9783F2E-6DB4-4B2E-9DC2-82F7B6E7262A}.Release|Any CPU.ActiveCfg = Release|Any CPU
		{D9783F2E-6DB4-4B2E-9DC2-82F7B6E7262A}.Release|Any CPU.Build.0 = Release|Any CPU
	EndGlobalSection
	GlobalSection(SolutionProperties) = preSolution
		HideSolutionNode = FALSE
	EndGlobalSection
	GlobalSection(ExtensibilityGlobals) = postSolution
		SolutionGuid = {059F247F-C475-4C41-B466-BFF8236CDB21}
	EndGlobalSection
EndGlobal
